{
    "version": 3,
    "terraform_version": "0.9.11",
    "serial": 39,
    "lineage": "d4f0debb-b807-4939-8c06-639c1eb00f58",
    "modules": [
        {
            "path": [
                "root"
            ],
            "outputs": {
                "# Master": {
                    "sensitive": false,
                    "type": "string",
                    "value": "\nexport MASTER=172.23.3.121"
                },
                "# Slave 0": {
                    "sensitive": false,
                    "type": "string",
                    "value": "\nexport SLAVE0=172.23.3.120"
                },
                "# Slave 1": {
                    "sensitive": false,
                    "type": "string",
                    "value": "\nexport SLAVE1=172.23.3.118"
                },
                "# Slave 2": {
                    "sensitive": false,
                    "type": "string",
                    "value": "\nexport SLAVE2=172.23.3.124"
                }
            },
            "resources": {
                "aws_instance.mesos-agent.0": {
                    "type": "aws_instance",
                    "depends_on": [
                        "aws_instance.mesos-master",
                        "aws_key_pair.tmpkey",
                        "data.aws_security_group.default",
                        "data.aws_subnet.default"
                    ],
                    "primary": {
                        "id": "i-06ce0448f2de10be0",
                        "attributes": {
                            "ami": "ami-fe408091",
                            "associate_public_ip_address": "true",
                            "availability_zone": "eu-central-1a",
                            "disable_api_termination": "false",
                            "ebs_block_device.#": "0",
                            "ebs_optimized": "false",
                            "ephemeral_block_device.#": "0",
                            "iam_instance_profile": "DynamicDns",
                            "id": "i-06ce0448f2de10be0",
                            "instance_state": "running",
                            "instance_type": "t2.medium",
                            "ipv6_addresses.#": "0",
                            "key_name": "DEMO00fe466b852dc03ac40951b57d",
                            "monitoring": "false",
                            "network_interface.#": "0",
                            "network_interface_id": "eni-345d1866",
                            "primary_network_interface_id": "eni-345d1866",
                            "private_dns": "ip-172-23-3-120.eu-central-1.compute.internal",
                            "private_ip": "172.23.3.120",
                            "public_dns": "ec2-54-93-206-45.eu-central-1.compute.amazonaws.com",
                            "public_ip": "54.93.206.45",
                            "root_block_device.#": "1",
                            "root_block_device.0.delete_on_termination": "true",
                            "root_block_device.0.iops": "0",
                            "root_block_device.0.volume_size": "50",
                            "root_block_device.0.volume_type": "standard",
                            "security_groups.#": "0",
                            "source_dest_check": "true",
                            "subnet_id": "subnet-9a6c6bf2",
                            "tags.%": "1",
                            "tags.Name": "mesos-agent-0",
                            "tenancy": "default",
                            "volume_tags.%": "0",
                            "vpc_security_group_ids.#": "1",
                            "vpc_security_group_ids.1778801403": "sg-c74841ae"
                        },
                        "meta": {
                            "e2bfb730-ecaa-11e6-8f88-34363bc7c4c0": {
                                "create": 600000000000,
                                "delete": 600000000000,
                                "update": 600000000000
                            },
                            "schema_version": "1"
                        },
                        "tainted": false
                    },
                    "deposed": [],
                    "provider": ""
                },
                "aws_instance.mesos-agent.1": {
                    "type": "aws_instance",
                    "depends_on": [
                        "aws_instance.mesos-master",
                        "aws_key_pair.tmpkey",
                        "data.aws_security_group.default",
                        "data.aws_subnet.default"
                    ],
                    "primary": {
                        "id": "i-0ad25c5d34666789d",
                        "attributes": {
                            "ami": "ami-fe408091",
                            "associate_public_ip_address": "true",
                            "availability_zone": "eu-central-1a",
                            "disable_api_termination": "false",
                            "ebs_block_device.#": "0",
                            "ebs_optimized": "false",
                            "ephemeral_block_device.#": "0",
                            "iam_instance_profile": "DynamicDns",
                            "id": "i-0ad25c5d34666789d",
                            "instance_state": "running",
                            "instance_type": "t2.medium",
                            "ipv6_addresses.#": "0",
                            "key_name": "DEMO00fe466b852dc03ac40951b57d",
                            "monitoring": "false",
                            "network_interface.#": "0",
                            "network_interface_id": "eni-7c5c192e",
                            "primary_network_interface_id": "eni-7c5c192e",
                            "private_dns": "ip-172-23-3-118.eu-central-1.compute.internal",
                            "private_ip": "172.23.3.118",
                            "public_dns": "ec2-35-158-120-188.eu-central-1.compute.amazonaws.com",
                            "public_ip": "35.158.120.188",
                            "root_block_device.#": "1",
                            "root_block_device.0.delete_on_termination": "true",
                            "root_block_device.0.iops": "0",
                            "root_block_device.0.volume_size": "50",
                            "root_block_device.0.volume_type": "standard",
                            "security_groups.#": "0",
                            "source_dest_check": "true",
                            "subnet_id": "subnet-9a6c6bf2",
                            "tags.%": "1",
                            "tags.Name": "mesos-agent-1",
                            "tenancy": "default",
                            "volume_tags.%": "0",
                            "vpc_security_group_ids.#": "1",
                            "vpc_security_group_ids.1778801403": "sg-c74841ae"
                        },
                        "meta": {
                            "e2bfb730-ecaa-11e6-8f88-34363bc7c4c0": {
                                "create": 600000000000,
                                "delete": 600000000000,
                                "update": 600000000000
                            },
                            "schema_version": "1"
                        },
                        "tainted": false
                    },
                    "deposed": [],
                    "provider": ""
                },
                "aws_instance.mesos-agent.2": {
                    "type": "aws_instance",
                    "depends_on": [
                        "aws_instance.mesos-master",
                        "aws_key_pair.tmpkey",
                        "data.aws_security_group.default",
                        "data.aws_subnet.default"
                    ],
                    "primary": {
                        "id": "i-056e810e5736270b2",
                        "attributes": {
                            "ami": "ami-fe408091",
                            "associate_public_ip_address": "true",
                            "availability_zone": "eu-central-1a",
                            "disable_api_termination": "false",
                            "ebs_block_device.#": "0",
                            "ebs_optimized": "false",
                            "ephemeral_block_device.#": "0",
                            "iam_instance_profile": "DynamicDns",
                            "id": "i-056e810e5736270b2",
                            "instance_state": "running",
                            "instance_type": "t2.medium",
                            "ipv6_addresses.#": "0",
                            "key_name": "DEMO00fe466b852dc03ac40951b57d",
                            "monitoring": "false",
                            "network_interface.#": "0",
                            "network_interface_id": "eni-7f5c192d",
                            "primary_network_interface_id": "eni-7f5c192d",
                            "private_dns": "ip-172-23-3-124.eu-central-1.compute.internal",
                            "private_ip": "172.23.3.124",
                            "public_dns": "ec2-18-194-105-67.eu-central-1.compute.amazonaws.com",
                            "public_ip": "18.194.105.67",
                            "root_block_device.#": "1",
                            "root_block_device.0.delete_on_termination": "true",
                            "root_block_device.0.iops": "0",
                            "root_block_device.0.volume_size": "50",
                            "root_block_device.0.volume_type": "standard",
                            "security_groups.#": "0",
                            "source_dest_check": "true",
                            "subnet_id": "subnet-9a6c6bf2",
                            "tags.%": "1",
                            "tags.Name": "mesos-agent-2",
                            "tenancy": "default",
                            "volume_tags.%": "0",
                            "vpc_security_group_ids.#": "1",
                            "vpc_security_group_ids.1778801403": "sg-c74841ae"
                        },
                        "meta": {
                            "e2bfb730-ecaa-11e6-8f88-34363bc7c4c0": {
                                "create": 600000000000,
                                "delete": 600000000000,
                                "update": 600000000000
                            },
                            "schema_version": "1"
                        },
                        "tainted": false
                    },
                    "deposed": [],
                    "provider": ""
                },
                "aws_instance.mesos-master": {
                    "type": "aws_instance",
                    "depends_on": [
                        "aws_key_pair.tmpkey",
                        "data.aws_security_group.default",
                        "data.aws_subnet.default"
                    ],
                    "primary": {
                        "id": "i-0595fcef028107276",
                        "attributes": {
                            "ami": "ami-fe408091",
                            "associate_public_ip_address": "true",
                            "availability_zone": "eu-central-1a",
                            "disable_api_termination": "false",
                            "ebs_block_device.#": "0",
                            "ebs_optimized": "false",
                            "ephemeral_block_device.#": "0",
                            "iam_instance_profile": "DynamicDns",
                            "id": "i-0595fcef028107276",
                            "instance_state": "running",
                            "instance_type": "t2.medium",
                            "ipv6_addresses.#": "0",
                            "key_name": "DEMO00fe466b852dc03ac40951b57d",
                            "monitoring": "false",
                            "network_interface.#": "0",
                            "network_interface_id": "eni-db501589",
                            "primary_network_interface_id": "eni-db501589",
                            "private_dns": "ip-172-23-3-121.eu-central-1.compute.internal",
                            "private_ip": "172.23.3.121",
                            "public_dns": "ec2-54-93-37-128.eu-central-1.compute.amazonaws.com",
                            "public_ip": "54.93.37.128",
                            "root_block_device.#": "1",
                            "root_block_device.0.delete_on_termination": "true",
                            "root_block_device.0.iops": "0",
                            "root_block_device.0.volume_size": "50",
                            "root_block_device.0.volume_type": "standard",
                            "security_groups.#": "0",
                            "source_dest_check": "true",
                            "subnet_id": "subnet-9a6c6bf2",
                            "tags.%": "1",
                            "tags.Name": "mesos-master-0",
                            "tenancy": "default",
                            "volume_tags.%": "0",
                            "vpc_security_group_ids.#": "1",
                            "vpc_security_group_ids.1778801403": "sg-c74841ae"
                        },
                        "meta": {
                            "e2bfb730-ecaa-11e6-8f88-34363bc7c4c0": {
                                "create": 600000000000,
                                "delete": 600000000000,
                                "update": 600000000000
                            },
                            "schema_version": "1"
                        },
                        "tainted": false
                    },
                    "deposed": [],
                    "provider": ""
                },
                "aws_key_pair.tmpkey": {
                    "type": "aws_key_pair",
                    "depends_on": [],
                    "primary": {
                        "id": "DEMO00fe466b852dc03ac40951b57d",
                        "attributes": {
                            "id": "DEMO00fe466b852dc03ac40951b57d",
                            "key_name": "DEMO00fe466b852dc03ac40951b57d",
                            "key_name_prefix": "DEMO",
                            "public_key": "ssh-rsa AAAAB3NzaC1yc2EAAAADAQABAAABAQC3ar5daqOXKHnxD7W5rvHaCF3sPEA9o7FR9Vhl9LgDPEPmXrS+MuE6L5MgkIu+xUpV2CB6Ozkky3HI+uGhzUtLM8PGKXB0ZcWlWwirFe6FVNebCRkF9u+JzeYA4YCQEA6iPcPfi2oE21WA25IZudKLjEYKqwu4UnjStMm6YNk3EaN1oX/QDE3MmxsKUC+iCaGylHGzLW3QDWUUZTLozTiWvDdGq0bfiX56nhnOMWxq4ij8cESVrU0GjnwXKnt4u5noUHDkX67DcQaS3RkwBNXcn6YM1cUvkd21jKwKyI4SrHrN5bc9uPDAwaT6LFbinVFYio7n18pc+yT7XJ4OsiNf maya@W4DEUMSY9000087"
                        },
                        "meta": {
                            "schema_version": "1"
                        },
                        "tainted": false
                    },
                    "deposed": [],
                    "provider": ""
                },
                "data.aws_security_group.default": {
                    "type": "aws_security_group",
                    "depends_on": [],
                    "primary": {
                        "id": "sg-c74841ae",
                        "attributes": {
                            "arn": "arn:aws:ec2:eu-central-1:516000067763/security-group/sg-c74841ae",
                            "id": "sg-c74841ae",
                            "name": "default",
                            "tags.%": "1",
                            "tags.Name": "juhusg",
                            "vpc_id": "vpc-aa95d0c3"
                        },
                        "meta": {},
                        "tainted": false
                    },
                    "deposed": [],
                    "provider": ""
                },
                "data.aws_subnet.default": {
                    "type": "aws_subnet",
                    "depends_on": [],
                    "primary": {
                        "id": "subnet-9a6c6bf2",
                        "attributes": {
                            "assign_ipv6_address_on_creation": "false",
                            "availability_zone": "eu-central-1a",
                            "cidr_block": "172.23.3.96/27",
                            "default_for_az": "false",
                            "id": "subnet-9a6c6bf2",
                            "map_public_ip_on_launch": "false",
                            "state": "available",
                            "tags.%": "1",
                            "tags.Name": "swarm",
                            "vpc_id": "vpc-aa95d0c3"
                        },
                        "meta": {},
                        "tainted": false
                    },
                    "deposed": [],
                    "provider": ""
                }
            },
            "depends_on": []
        }
    ]
}
