{
    "version": 3,
    "terraform_version": "0.9.11",
    "serial": 129,
    "lineage": "ce3f7e1c-7ce6-4bdb-996c-8ee77f1505ce",
    "modules": [
        {
            "path": [
                "root"
            ],
            "outputs": {},
            "resources": {
                "aws_instance.master": {
                    "type": "aws_instance",
                    "depends_on": [
                        "aws_key_pair.tmpkey",
                        "data.aws_ami.doimage",
                        "data.aws_security_group.default",
                        "data.aws_subnet.default"
                    ],
                    "primary": {
                        "id": "i-04bc2549f0932e751",
                        "attributes": {
                            "ami": "ami-f36dda9c",
                            "associate_public_ip_address": "true",
                            "availability_zone": "eu-central-1a",
                            "disable_api_termination": "false",
                            "ebs_block_device.#": "1",
                            "ebs_block_device.3691891037.delete_on_termination": "true",
                            "ebs_block_device.3691891037.device_name": "/dev/sdb",
                            "ebs_block_device.3691891037.encrypted": "false",
                            "ebs_block_device.3691891037.iops": "100",
                            "ebs_block_device.3691891037.snapshot_id": "snap-050d4f5a5e5c49541",
                            "ebs_block_device.3691891037.volume_size": "20",
                            "ebs_block_device.3691891037.volume_type": "gp2",
                            "ebs_optimized": "false",
                            "ephemeral_block_device.#": "0",
                            "iam_instance_profile": "DynamicDns",
                            "id": "i-04bc2549f0932e751",
                            "instance_state": "running",
                            "instance_type": "t2.small",
                            "ipv6_addresses.#": "0",
                            "key_name": "DEMO005e3bd7fe5689c3bbd8455896",
                            "monitoring": "false",
                            "network_interface.#": "0",
                            "network_interface_id": "eni-b75510e5",
                            "primary_network_interface_id": "eni-b75510e5",
                            "private_dns": "ip-172-23-3-115.eu-central-1.compute.internal",
                            "private_ip": "172.23.3.115",
                            "public_dns": "ec2-54-93-44-113.eu-central-1.compute.amazonaws.com",
                            "public_ip": "54.93.44.113",
                            "root_block_device.#": "1",
                            "root_block_device.0.delete_on_termination": "true",
                            "root_block_device.0.iops": "100",
                            "root_block_device.0.volume_size": "1",
                            "root_block_device.0.volume_type": "gp2",
                            "security_groups.#": "0",
                            "source_dest_check": "true",
                            "subnet_id": "subnet-9a6c6bf2",
                            "tags.%": "2",
                            "tags.Name": "swarm-master",
                            "tags.created_by": "Terraform-sw",
                            "tenancy": "default",
                            "volume_tags.%": "0",
                            "vpc_security_group_ids.#": "1",
                            "vpc_security_group_ids.1778801403": "sg-c74841ae"
                        },
                        "meta": {
                            "e2bfb730-ecaa-11e6-8f88-34363bc7c4c0": {
                                "create": 600000000000,
                                "delete": 600000000000,
                                "update": 600000000000
                            },
                            "schema_version": "1"
                        },
                        "tainted": true
                    },
                    "deposed": [],
                    "provider": ""
                },
                "aws_key_pair.tmpkey": {
                    "type": "aws_key_pair",
                    "depends_on": [],
                    "primary": {
                        "id": "DEMO005e3bd7fe5689c3bbd8455896",
                        "attributes": {
                            "id": "DEMO005e3bd7fe5689c3bbd8455896",
                            "key_name": "DEMO005e3bd7fe5689c3bbd8455896",
                            "key_name_prefix": "DEMO",
                            "public_key": "ssh-rsa AAAAB3NzaC1yc2EAAAADAQABAAABAQC3ar5daqOXKHnxD7W5rvHaCF3sPEA9o7FR9Vhl9LgDPEPmXrS+MuE6L5MgkIu+xUpV2CB6Ozkky3HI+uGhzUtLM8PGKXB0ZcWlWwirFe6FVNebCRkF9u+JzeYA4YCQEA6iPcPfi2oE21WA25IZudKLjEYKqwu4UnjStMm6YNk3EaN1oX/QDE3MmxsKUC+iCaGylHGzLW3QDWUUZTLozTiWvDdGq0bfiX56nhnOMWxq4ij8cESVrU0GjnwXKnt4u5noUHDkX67DcQaS3RkwBNXcn6YM1cUvkd21jKwKyI4SrHrN5bc9uPDAwaT6LFbinVFYio7n18pc+yT7XJ4OsiNf maya@W4DEUMSY9000087"
                        },
                        "meta": {
                            "schema_version": "1"
                        },
                        "tainted": false
                    },
                    "deposed": [],
                    "provider": ""
                },
                "data.aws_ami.doimage": {
                    "type": "aws_ami",
                    "depends_on": [],
                    "primary": {
                        "id": "ami-f36dda9c",
                        "attributes": {
                            "architecture": "x86_64",
                            "block_device_mappings.#": "2",
                            "block_device_mappings.1180625205.device_name": "/dev/sdb",
                            "block_device_mappings.1180625205.ebs.%": "6",
                            "block_device_mappings.1180625205.ebs.delete_on_termination": "true",
                            "block_device_mappings.1180625205.ebs.encrypted": "false",
                            "block_device_mappings.1180625205.ebs.iops": "0",
                            "block_device_mappings.1180625205.ebs.snapshot_id": "snap-050d4f5a5e5c49541",
                            "block_device_mappings.1180625205.ebs.volume_size": "20",
                            "block_device_mappings.1180625205.ebs.volume_type": "gp2",
                            "block_device_mappings.1180625205.no_device": "",
                            "block_device_mappings.1180625205.virtual_name": "",
                            "block_device_mappings.2291371071.device_name": "/dev/sda1",
                            "block_device_mappings.2291371071.ebs.%": "6",
                            "block_device_mappings.2291371071.ebs.delete_on_termination": "true",
                            "block_device_mappings.2291371071.ebs.encrypted": "false",
                            "block_device_mappings.2291371071.ebs.iops": "0",
                            "block_device_mappings.2291371071.ebs.snapshot_id": "snap-02cbb52c8004bf8e3",
                            "block_device_mappings.2291371071.ebs.volume_size": "1",
                            "block_device_mappings.2291371071.ebs.volume_type": "gp2",
                            "block_device_mappings.2291371071.no_device": "",
                            "block_device_mappings.2291371071.virtual_name": "",
                            "creation_date": "2017-09-13T00:11:03.000Z",
                            "description": "Base DevOps Image Centos7_x86-64_Puppet4",
                            "filter.#": "2",
                            "filter.2706998345.name": "name",
                            "filter.2706998345.values.#": "1",
                            "filter.2706998345.values.0": "Centos7_x86-64_Puppet4_*",
                            "filter.490168357.name": "virtualization-type",
                            "filter.490168357.values.#": "1",
                            "filter.490168357.values.0": "hvm",
                            "hypervisor": "xen",
                            "id": "ami-f36dda9c",
                            "image_id": "ami-f36dda9c",
                            "image_location": "751435302723/Centos7_x86-64_Puppet4_1.1.12017091300_ami",
                            "image_type": "machine",
                            "most_recent": "true",
                            "name": "Centos7_x86-64_Puppet4_1.1.12017091300_ami",
                            "owner_id": "751435302723",
                            "owners.#": "1",
                            "owners.0": "751435302723",
                            "product_codes.#": "0",
                            "public": "false",
                            "root_device_name": "/dev/sda1",
                            "root_device_type": "ebs",
                            "sriov_net_support": "simple",
                            "state": "available",
                            "state_reason.%": "2",
                            "state_reason.code": "UNSET",
                            "state_reason.message": "UNSET",
                            "tags.#": "0",
                            "virtualization_type": "hvm"
                        },
                        "meta": {},
                        "tainted": false
                    },
                    "deposed": [],
                    "provider": ""
                },
                "data.aws_security_group.default": {
                    "type": "aws_security_group",
                    "depends_on": [],
                    "primary": {
                        "id": "sg-c74841ae",
                        "attributes": {
                            "arn": "arn:aws:ec2:eu-central-1:516000067763/security-group/sg-c74841ae",
                            "id": "sg-c74841ae",
                            "name": "default",
                            "tags.%": "1",
                            "tags.Name": "juhusg",
                            "vpc_id": "vpc-aa95d0c3"
                        },
                        "meta": {},
                        "tainted": false
                    },
                    "deposed": [],
                    "provider": ""
                },
                "data.aws_subnet.default": {
                    "type": "aws_subnet",
                    "depends_on": [],
                    "primary": {
                        "id": "subnet-9a6c6bf2",
                        "attributes": {
                            "assign_ipv6_address_on_creation": "false",
                            "availability_zone": "eu-central-1a",
                            "cidr_block": "172.23.3.96/27",
                            "default_for_az": "false",
                            "id": "subnet-9a6c6bf2",
                            "map_public_ip_on_launch": "false",
                            "state": "available",
                            "tags.%": "1",
                            "tags.Name": "swarm",
                            "vpc_id": "vpc-aa95d0c3"
                        },
                        "meta": {},
                        "tainted": false
                    },
                    "deposed": [],
                    "provider": ""
                }
            },
            "depends_on": []
        }
    ]
}
